
Microsoft Visual Studio Solution File, Format Version 12.00
# Visual Studio Version 17
VisualStudioVersion = 17.8.34511.84
MinimumVisualStudioVersion = 10.0.40219.1
Project("{2150E333-8FDC-42A3-9474-1A3956D46DE8}") = "src", "src", "{5E77CD8A-7B1E-4E92-89B2-4E51945DDCFF}"
EndProject
Project("{2150E333-8FDC-42A3-9474-1A3956D46DE8}") = "CorePackages", "CorePackages", "{5BAD89CE-9D12-4034-86A5-1B16C241EB3D}"
EndProject
Project("{9A19103F-16F7-4668-BE54-9A1E7A4F7556}") = "Core.Application", "Core.Application\Core.Application.csproj", "{13EC567F-5D61-4C0F-B9AD-46989169BEB0}"
EndProject
Project("{2150E333-8FDC-42A3-9474-1A3956D46DE8}") = "Projects", "Projects", "{672B2FA3-8761-4540-9046-D4B41F434476}"
EndProject
Project("{9A19103F-16F7-4668-BE54-9A1E7A4F7556}") = "Core.Persistence", "Core.Persistence\Core.Persistence.csproj", "{7CA00ACA-1F11-4237-A328-AA86B6629966}"
EndProject
Project("{9A19103F-16F7-4668-BE54-9A1E7A4F7556}") = "Core.Utilities", "Core.Utilities\Core.Utilities.csproj", "{3525D368-1FFF-4EAB-8745-46C54725D657}"
EndProject
Project("{2150E333-8FDC-42A3-9474-1A3956D46DE8}") = "Planora", "Planora", "{5FB41438-3331-41D1-8C4F-947AFCC93C25}"
EndProject
Project("{9A19103F-16F7-4668-BE54-9A1E7A4F7556}") = "Planora.Application", "Planora.Application\Planora.Application.csproj", "{D90ABD20-52A0-45E2-A7DD-5F7AD029CF95}"
EndProject
Project("{9A19103F-16F7-4668-BE54-9A1E7A4F7556}") = "Planora.Domain", "Planora.Domain\Planora.Domain.csproj", "{953E36F6-B042-4B2B-A894-E9600FB9FCC5}"
EndProject
Project("{9A19103F-16F7-4668-BE54-9A1E7A4F7556}") = "Planora.Infrastructure", "Planora.Infrastructure\Planora.Infrastructure.csproj", "{4FAF7C4B-C5B7-43C8-97C3-1B175B03DB42}"
EndProject
Project("{9A19103F-16F7-4668-BE54-9A1E7A4F7556}") = "Planora.Persistence", "Planora.Persistence\Planora.Persistence.csproj", "{F8AF57EE-C382-492B-8B32-C2D36E7EC0F9}"
EndProject
Project("{9A19103F-16F7-4668-BE54-9A1E7A4F7556}") = "Planora.WabAPI", "Planora.WabAPI\Planora.WabAPI.csproj", "{FEA70DC0-F8DA-4D0C-AB5E-6D8F25C6D145}"
EndProject
Project("{FAE04EC0-301F-11D3-BF4B-00C04F79EFBC}") = "Core.CrossCuttingConcerns", "Core.CrossCuttingConcerns\Core.CrossCuttingConcerns.csproj", "{BEAC2070-7A14-4792-B68E-A5F0C8B5DAE7}"
EndProject
Project("{FAE04EC0-301F-11D3-BF4B-00C04F79EFBC}") = "Core.Extensions", "Core.Extensions\Core.Extensions.csproj", "{52F70C4C-81AD-476C-A83A-129471B530ED}"
EndProject
Global
	GlobalSection(SolutionConfigurationPlatforms) = preSolution
		Debug|Any CPU = Debug|Any CPU
		Release|Any CPU = Release|Any CPU
	EndGlobalSection
	GlobalSection(ProjectConfigurationPlatforms) = postSolution
		{13EC567F-5D61-4C0F-B9AD-46989169BEB0}.Debug|Any CPU.ActiveCfg = Debug|Any CPU
		{13EC567F-5D61-4C0F-B9AD-46989169BEB0}.Debug|Any CPU.Build.0 = Debug|Any CPU
		{13EC567F-5D61-4C0F-B9AD-46989169BEB0}.Release|Any CPU.ActiveCfg = Release|Any CPU
		{13EC567F-5D61-4C0F-B9AD-46989169BEB0}.Release|Any CPU.Build.0 = Release|Any CPU
		{7CA00ACA-1F11-4237-A328-AA86B6629966}.Debug|Any CPU.ActiveCfg = Debug|Any CPU
		{7CA00ACA-1F11-4237-A328-AA86B6629966}.Debug|Any CPU.Build.0 = Debug|Any CPU
		{7CA00ACA-1F11-4237-A328-AA86B6629966}.Release|Any CPU.ActiveCfg = Release|Any CPU
		{7CA00ACA-1F11-4237-A328-AA86B6629966}.Release|Any CPU.Build.0 = Release|Any CPU
		{3525D368-1FFF-4EAB-8745-46C54725D657}.Debug|Any CPU.ActiveCfg = Debug|Any CPU
		{3525D368-1FFF-4EAB-8745-46C54725D657}.Debug|Any CPU.Build.0 = Debug|Any CPU
		{3525D368-1FFF-4EAB-8745-46C54725D657}.Release|Any CPU.ActiveCfg = Release|Any CPU
		{3525D368-1FFF-4EAB-8745-46C54725D657}.Release|Any CPU.Build.0 = Release|Any CPU
		{D90ABD20-52A0-45E2-A7DD-5F7AD029CF95}.Debug|Any CPU.ActiveCfg = Debug|Any CPU
		{D90ABD20-52A0-45E2-A7DD-5F7AD029CF95}.Debug|Any CPU.Build.0 = Debug|Any CPU
		{D90ABD20-52A0-45E2-A7DD-5F7AD029CF95}.Release|Any CPU.ActiveCfg = Release|Any CPU
		{D90ABD20-52A0-45E2-A7DD-5F7AD029CF95}.Release|Any CPU.Build.0 = Release|Any CPU
		{953E36F6-B042-4B2B-A894-E9600FB9FCC5}.Debug|Any CPU.ActiveCfg = Debug|Any CPU
		{953E36F6-B042-4B2B-A894-E9600FB9FCC5}.Debug|Any CPU.Build.0 = Debug|Any CPU
		{953E36F6-B042-4B2B-A894-E9600FB9FCC5}.Release|Any CPU.ActiveCfg = Release|Any CPU
		{953E36F6-B042-4B2B-A894-E9600FB9FCC5}.Release|Any CPU.Build.0 = Release|Any CPU
		{4FAF7C4B-C5B7-43C8-97C3-1B175B03DB42}.Debug|Any CPU.ActiveCfg = Debug|Any CPU
		{4FAF7C4B-C5B7-43C8-97C3-1B175B03DB42}.Debug|Any CPU.Build.0 = Debug|Any CPU
		{4FAF7C4B-C5B7-43C8-97C3-1B175B03DB42}.Release|Any CPU.ActiveCfg = Release|Any CPU
		{4FAF7C4B-C5B7-43C8-97C3-1B175B03DB42}.Release|Any CPU.Build.0 = Release|Any CPU
		{F8AF57EE-C382-492B-8B32-C2D36E7EC0F9}.Debug|Any CPU.ActiveCfg = Debug|Any CPU
		{F8AF57EE-C382-492B-8B32-C2D36E7EC0F9}.Debug|Any CPU.Build.0 = Debug|Any CPU
		{F8AF57EE-C382-492B-8B32-C2D36E7EC0F9}.Release|Any CPU.ActiveCfg = Release|Any CPU
		{F8AF57EE-C382-492B-8B32-C2D36E7EC0F9}.Release|Any CPU.Build.0 = Release|Any CPU
		{FEA70DC0-F8DA-4D0C-AB5E-6D8F25C6D145}.Debug|Any CPU.ActiveCfg = Debug|Any CPU
		{FEA70DC0-F8DA-4D0C-AB5E-6D8F25C6D145}.Debug|Any CPU.Build.0 = Debug|Any CPU
		{FEA70DC0-F8DA-4D0C-AB5E-6D8F25C6D145}.Release|Any CPU.ActiveCfg = Release|Any CPU
		{FEA70DC0-F8DA-4D0C-AB5E-6D8F25C6D145}.Release|Any CPU.Build.0 = Release|Any CPU
		{BEAC2070-7A14-4792-B68E-A5F0C8B5DAE7}.Debug|Any CPU.ActiveCfg = Debug|Any CPU
		{BEAC2070-7A14-4792-B68E-A5F0C8B5DAE7}.Debug|Any CPU.Build.0 = Debug|Any CPU
		{BEAC2070-7A14-4792-B68E-A5F0C8B5DAE7}.Release|Any CPU.ActiveCfg = Release|Any CPU
		{BEAC2070-7A14-4792-B68E-A5F0C8B5DAE7}.Release|Any CPU.Build.0 = Release|Any CPU
		{52F70C4C-81AD-476C-A83A-129471B530ED}.Debug|Any CPU.ActiveCfg = Debug|Any CPU
		{52F70C4C-81AD-476C-A83A-129471B530ED}.Debug|Any CPU.Build.0 = Debug|Any CPU
		{52F70C4C-81AD-476C-A83A-129471B530ED}.Release|Any CPU.ActiveCfg = Release|Any CPU
		{52F70C4C-81AD-476C-A83A-129471B530ED}.Release|Any CPU.Build.0 = Release|Any CPU
	EndGlobalSection
	GlobalSection(SolutionProperties) = preSolution
		HideSolutionNode = FALSE
	EndGlobalSection
	GlobalSection(NestedProjects) = preSolution
		{5BAD89CE-9D12-4034-86A5-1B16C241EB3D} = {5E77CD8A-7B1E-4E92-89B2-4E51945DDCFF}
		{13EC567F-5D61-4C0F-B9AD-46989169BEB0} = {5BAD89CE-9D12-4034-86A5-1B16C241EB3D}
		{672B2FA3-8761-4540-9046-D4B41F434476} = {5E77CD8A-7B1E-4E92-89B2-4E51945DDCFF}
		{7CA00ACA-1F11-4237-A328-AA86B6629966} = {5BAD89CE-9D12-4034-86A5-1B16C241EB3D}
		{3525D368-1FFF-4EAB-8745-46C54725D657} = {5BAD89CE-9D12-4034-86A5-1B16C241EB3D}
		{5FB41438-3331-41D1-8C4F-947AFCC93C25} = {672B2FA3-8761-4540-9046-D4B41F434476}
		{D90ABD20-52A0-45E2-A7DD-5F7AD029CF95} = {5FB41438-3331-41D1-8C4F-947AFCC93C25}
		{953E36F6-B042-4B2B-A894-E9600FB9FCC5} = {5FB41438-3331-41D1-8C4F-947AFCC93C25}
		{4FAF7C4B-C5B7-43C8-97C3-1B175B03DB42} = {5FB41438-3331-41D1-8C4F-947AFCC93C25}
		{F8AF57EE-C382-492B-8B32-C2D36E7EC0F9} = {5FB41438-3331-41D1-8C4F-947AFCC93C25}
		{FEA70DC0-F8DA-4D0C-AB5E-6D8F25C6D145} = {5FB41438-3331-41D1-8C4F-947AFCC93C25}
		{BEAC2070-7A14-4792-B68E-A5F0C8B5DAE7} = {5BAD89CE-9D12-4034-86A5-1B16C241EB3D}
		{52F70C4C-81AD-476C-A83A-129471B530ED} = {5BAD89CE-9D12-4034-86A5-1B16C241EB3D}
	EndGlobalSection
	GlobalSection(ExtensibilityGlobals) = postSolution
		SolutionGuid = {55DD5665-BED4-4409-B480-2FC661AAB4E9}
	EndGlobalSection
EndGlobal
